PODS:
  - Alamofire (4.5.1)
  - PromiseKit (4.4.3):
    - PromiseKit/Foundation (= 4.4.3)
    - PromiseKit/QuartzCore (= 4.4.3)
    - PromiseKit/UIKit (= 4.4.3)
  - PromiseKit/CorePromise (4.4.3)
  - PromiseKit/Foundation (4.4.3):
    - PromiseKit/CorePromise
  - PromiseKit/QuartzCore (4.4.3):
    - PromiseKit/CorePromise
  - PromiseKit/UIKit (4.4.3):
    - PromiseKit/CorePromise

DEPENDENCIES:
  - Alamofire (~> 4.5)
  - PromiseKit (~> 4.4)

SPEC CHECKSUMS:
  Alamofire: 2d95912bf4c34f164fdfc335872e8c312acaea4a
  PromiseKit: fbb52a0d154402c57eeb6eccd36dd7724fcf6117

PODFILE CHECKSUM: 012249a618c885f2ad6c8765a52567e2b4e5347c

COCOAPODS: 1.4.0
